
Microsoft Visual Studio Solution File, Format Version 12.00
# Visual Studio Version 16
VisualStudioVersion = 16.0.30803.129
MinimumVisualStudioVersion = 10.0.40219.1
Project("{E24C65DC-7377-472B-9ABA-BC803B73C61A}") = "My Website", ".", "{665B5A31-3CE2-4611-998D-094E83A238E4}"
	ProjectSection(WebsiteProperties) = preProject
		TargetFrameworkMoniker = ".NETFramework,Version%3Dv4.8"
		Debug.AspNetCompiler.VirtualPath = "/localhost_11404"
		Debug.AspNetCompiler.PhysicalPath = "..\My Website\"
		Debug.AspNetCompiler.TargetPath = "PrecompiledWeb\localhost_11404\"
		Debug.AspNetCompiler.Updateable = "true"
		Debug.AspNetCompiler.ForceOverwrite = "true"
		Debug.AspNetCompiler.FixedNames = "false"
		Debug.AspNetCompiler.Debug = "True"
		VWDPort = "11404"
		SlnRelativePath = "..\My Website\"
		DefaultWebSiteLanguage = "Visual C#"
	EndProjectSection
EndProject
Global
	GlobalSection(SolutionConfigurationPlatforms) = preSolution
		Debug|Any CPU = Debug|Any CPU
	EndGlobalSection
	GlobalSection(ProjectConfigurationPlatforms) = postSolution
		{665B5A31-3CE2-4611-998D-094E83A238E4}.Debug|Any CPU.ActiveCfg = Debug|Any CPU
		{665B5A31-3CE2-4611-998D-094E83A238E4}.Debug|Any CPU.Build.0 = Debug|Any CPU
	EndGlobalSection
	GlobalSection(SolutionProperties) = preSolution
		HideSolutionNode = FALSE
	EndGlobalSection
	GlobalSection(ExtensibilityGlobals) = postSolution
		SolutionGuid = {7E51375A-F236-4B8B-B10E-1D5D66EA22F8}
	EndGlobalSection
EndGlobal
